
Microsoft Visual Studio Solution File, Format Version 11.00
# Visual Basic Express 2010
Project("{F184B08F-C81C-45F6-A57F-5ABD9991F28F}") = "WindowsApplication1", "WindowsApplication1\WindowsApplication1.vbproj", "{EEBE820F-06B6-48A1-B764-B46D8AB35803}"
EndProject
Global
	GlobalSection(SolutionConfigurationPlatforms) = preSolution
		Debug|x86 = Debug|x86
		Release|x86 = Release|x86
	EndGlobalSection
	GlobalSection(ProjectConfigurationPlatforms) = postSolution
		{EEBE820F-06B6-48A1-B764-B46D8AB35803}.Debug|x86.ActiveCfg = Debug|x86
		{EEBE820F-06B6-48A1-B764-B46D8AB35803}.Debug|x86.Build.0 = Debug|x86
		{EEBE820F-06B6-48A1-B764-B46D8AB35803}.Release|x86.ActiveCfg = Release|x86
		{EEBE820F-06B6-48A1-B764-B46D8AB35803}.Release|x86.Build.0 = Release|x86
	EndGlobalSection
	GlobalSection(SolutionProperties) = preSolution
		HideSolutionNode = FALSE
	EndGlobalSection
EndGlobal
